
Microsoft Visual Studio Solution File, Format Version 12.00
# Visual Studio Version 17
VisualStudioVersion = 17.6.33723.286
MinimumVisualStudioVersion = 10.0.40219.1
Project("{FAE04EC0-301F-11D3-BF4B-00C04F79EFBC}") = "DemoAppX.Android", "DemoAppX\DemoAppX.Android\DemoAppX.Android.csproj", "{6A350824-4AD8-467F-BA4B-33D9A613E29A}"
EndProject
Project("{FAE04EC0-301F-11D3-BF4B-00C04F79EFBC}") = "DemoAppX.iOS", "DemoAppX\DemoAppX.iOS\DemoAppX.iOS.csproj", "{8E78C29C-2E20-4604-A86F-18F4259AC273}"
EndProject
Project("{FAE04EC0-301F-11D3-BF4B-00C04F79EFBC}") = "DemoAppX", "DemoAppX\DemoAppX\DemoAppX.csproj", "{113E3E43-4079-4DB4-BEA4-B1B84E202B82}"
EndProject
Global
	GlobalSection(SolutionConfigurationPlatforms) = preSolution
		Debug|Any CPU = Debug|Any CPU
		Debug|iPhone = Debug|iPhone
		Debug|iPhoneSimulator = Debug|iPhoneSimulator
		Release|Any CPU = Release|Any CPU
		Release|iPhone = Release|iPhone
		Release|iPhoneSimulator = Release|iPhoneSimulator
	EndGlobalSection
	GlobalSection(ProjectConfigurationPlatforms) = postSolution
		{6A350824-4AD8-467F-BA4B-33D9A613E29A}.Debug|Any CPU.ActiveCfg = Debug|Any CPU
		{6A350824-4AD8-467F-BA4B-33D9A613E29A}.Debug|Any CPU.Build.0 = Debug|Any CPU
		{6A350824-4AD8-467F-BA4B-33D9A613E29A}.Debug|Any CPU.Deploy.0 = Debug|Any CPU
		{6A350824-4AD8-467F-BA4B-33D9A613E29A}.Debug|iPhone.ActiveCfg = Debug|Any CPU
		{6A350824-4AD8-467F-BA4B-33D9A613E29A}.Debug|iPhone.Build.0 = Debug|Any CPU
		{6A350824-4AD8-467F-BA4B-33D9A613E29A}.Debug|iPhone.Deploy.0 = Debug|Any CPU
		{6A350824-4AD8-467F-BA4B-33D9A613E29A}.Debug|iPhoneSimulator.ActiveCfg = Debug|Any CPU
		{6A350824-4AD8-467F-BA4B-33D9A613E29A}.Debug|iPhoneSimulator.Build.0 = Debug|Any CPU
		{6A350824-4AD8-467F-BA4B-33D9A613E29A}.Debug|iPhoneSimulator.Deploy.0 = Debug|Any CPU
		{6A350824-4AD8-467F-BA4B-33D9A613E29A}.Release|Any CPU.ActiveCfg = Release|Any CPU
		{6A350824-4AD8-467F-BA4B-33D9A613E29A}.Release|Any CPU.Build.0 = Release|Any CPU
		{6A350824-4AD8-467F-BA4B-33D9A613E29A}.Release|Any CPU.Deploy.0 = Release|Any CPU
		{6A350824-4AD8-467F-BA4B-33D9A613E29A}.Release|iPhone.ActiveCfg = Release|Any CPU
		{6A350824-4AD8-467F-BA4B-33D9A613E29A}.Release|iPhone.Build.0 = Release|Any CPU
		{6A350824-4AD8-467F-BA4B-33D9A613E29A}.Release|iPhone.Deploy.0 = Release|Any CPU
		{6A350824-4AD8-467F-BA4B-33D9A613E29A}.Release|iPhoneSimulator.ActiveCfg = Release|Any CPU
		{6A350824-4AD8-467F-BA4B-33D9A613E29A}.Release|iPhoneSimulator.Build.0 = Release|Any CPU
		{6A350824-4AD8-467F-BA4B-33D9A613E29A}.Release|iPhoneSimulator.Deploy.0 = Release|Any CPU
		{8E78C29C-2E20-4604-A86F-18F4259AC273}.Debug|Any CPU.ActiveCfg = Debug|iPhone
		{8E78C29C-2E20-4604-A86F-18F4259AC273}.Debug|Any CPU.Build.0 = Debug|iPhone
		{8E78C29C-2E20-4604-A86F-18F4259AC273}.Debug|Any CPU.Deploy.0 = Debug|iPhone
		{8E78C29C-2E20-4604-A86F-18F4259AC273}.Debug|iPhone.ActiveCfg = Debug|iPhone
		{8E78C29C-2E20-4604-A86F-18F4259AC273}.Debug|iPhone.Build.0 = Debug|iPhone
		{8E78C29C-2E20-4604-A86F-18F4259AC273}.Debug|iPhone.Deploy.0 = Debug|iPhone
		{8E78C29C-2E20-4604-A86F-18F4259AC273}.Debug|iPhoneSimulator.ActiveCfg = Debug|iPhoneSimulator
		{8E78C29C-2E20-4604-A86F-18F4259AC273}.Debug|iPhoneSimulator.Build.0 = Debug|iPhoneSimulator
		{8E78C29C-2E20-4604-A86F-18F4259AC273}.Debug|iPhoneSimulator.Deploy.0 = Debug|iPhoneSimulator
		{8E78C29C-2E20-4604-A86F-18F4259AC273}.Release|Any CPU.ActiveCfg = Release|iPhoneSimulator
		{8E78C29C-2E20-4604-A86F-18F4259AC273}.Release|Any CPU.Build.0 = Release|iPhoneSimulator
		{8E78C29C-2E20-4604-A86F-18F4259AC273}.Release|Any CPU.Deploy.0 = Release|iPhoneSimulator
		{8E78C29C-2E20-4604-A86F-18F4259AC273}.Release|iPhone.ActiveCfg = Release|iPhone
		{8E78C29C-2E20-4604-A86F-18F4259AC273}.Release|iPhone.Build.0 = Release|iPhone
		{8E78C29C-2E20-4604-A86F-18F4259AC273}.Release|iPhone.Deploy.0 = Release|iPhone
		{8E78C29C-2E20-4604-A86F-18F4259AC273}.Release|iPhoneSimulator.ActiveCfg = Release|iPhoneSimulator
		{8E78C29C-2E20-4604-A86F-18F4259AC273}.Release|iPhoneSimulator.Build.0 = Release|iPhoneSimulator
		{8E78C29C-2E20-4604-A86F-18F4259AC273}.Release|iPhoneSimulator.Deploy.0 = Release|iPhoneSimulator
		{113E3E43-4079-4DB4-BEA4-B1B84E202B82}.Debug|Any CPU.ActiveCfg = Debug|Any CPU
		{113E3E43-4079-4DB4-BEA4-B1B84E202B82}.Debug|Any CPU.Build.0 = Debug|Any CPU
		{113E3E43-4079-4DB4-BEA4-B1B84E202B82}.Debug|Any CPU.Deploy.0 = Debug|Any CPU
		{113E3E43-4079-4DB4-BEA4-B1B84E202B82}.Debug|iPhone.ActiveCfg = Debug|Any CPU
		{113E3E43-4079-4DB4-BEA4-B1B84E202B82}.Debug|iPhone.Build.0 = Debug|Any CPU
		{113E3E43-4079-4DB4-BEA4-B1B84E202B82}.Debug|iPhone.Deploy.0 = Debug|Any CPU
		{113E3E43-4079-4DB4-BEA4-B1B84E202B82}.Debug|iPhoneSimulator.ActiveCfg = Debug|Any CPU
		{113E3E43-4079-4DB4-BEA4-B1B84E202B82}.Debug|iPhoneSimulator.Build.0 = Debug|Any CPU
		{113E3E43-4079-4DB4-BEA4-B1B84E202B82}.Debug|iPhoneSimulator.Deploy.0 = Debug|Any CPU
		{113E3E43-4079-4DB4-BEA4-B1B84E202B82}.Release|Any CPU.ActiveCfg = Release|Any CPU
		{113E3E43-4079-4DB4-BEA4-B1B84E202B82}.Release|Any CPU.Build.0 = Release|Any CPU
		{113E3E43-4079-4DB4-BEA4-B1B84E202B82}.Release|Any CPU.Deploy.0 = Release|Any CPU
		{113E3E43-4079-4DB4-BEA4-B1B84E202B82}.Release|iPhone.ActiveCfg = Release|Any CPU
		{113E3E43-4079-4DB4-BEA4-B1B84E202B82}.Release|iPhone.Build.0 = Release|Any CPU
		{113E3E43-4079-4DB4-BEA4-B1B84E202B82}.Release|iPhone.Deploy.0 = Release|Any CPU
		{113E3E43-4079-4DB4-BEA4-B1B84E202B82}.Release|iPhoneSimulator.ActiveCfg = Release|Any CPU
		{113E3E43-4079-4DB4-BEA4-B1B84E202B82}.Release|iPhoneSimulator.Build.0 = Release|Any CPU
		{113E3E43-4079-4DB4-BEA4-B1B84E202B82}.Release|iPhoneSimulator.Deploy.0 = Release|Any CPU
	EndGlobalSection
	GlobalSection(SolutionProperties) = preSolution
		HideSolutionNode = FALSE
	EndGlobalSection
	GlobalSection(ExtensibilityGlobals) = postSolution
		SolutionGuid = {DB7D5D9D-0E91-43D2-9529-F32EA505784D}
	EndGlobalSection
EndGlobal
